
Microsoft Visual Studio Solution File, Format Version 12.00
# Visual Studio 15
VisualStudioVersion = 15.0.28307.421
MinimumVisualStudioVersion = 10.0.40219.1
Project("{FAE04EC0-301F-11D3-BF4B-00C04F79EFBC}") = "MethodSignatureLexer", "MethodSignatureLexer\MethodSignatureLexer.csproj", "{19C62CE5-DF77-494C-9643-76C46319FD52}"
EndProject
Global
	GlobalSection(SolutionConfigurationPlatforms) = preSolution
		Debug|Any CPU = Debug|Any CPU
		Release|Any CPU = Release|Any CPU
	EndGlobalSection
	GlobalSection(ProjectConfigurationPlatforms) = postSolution
		{19C62CE5-DF77-494C-9643-76C46319FD52}.Debug|Any CPU.ActiveCfg = Debug|Any CPU
		{19C62CE5-DF77-494C-9643-76C46319FD52}.Debug|Any CPU.Build.0 = Debug|Any CPU
		{19C62CE5-DF77-494C-9643-76C46319FD52}.Release|Any CPU.ActiveCfg = Release|Any CPU
		{19C62CE5-DF77-494C-9643-76C46319FD52}.Release|Any CPU.Build.0 = Release|Any CPU
	EndGlobalSection
	GlobalSection(SolutionProperties) = preSolution
		HideSolutionNode = FALSE
	EndGlobalSection
	GlobalSection(ExtensibilityGlobals) = postSolution
		SolutionGuid = {D65ACD21-FA83-43DD-A117-4AA32B699576}
	EndGlobalSection
EndGlobal
